
Microsoft Visual Studio Solution File, Format Version 12.00
# Visual Studio Version 16
VisualStudioVersion = 16.0.31424.327
MinimumVisualStudioVersion = 10.0.40219.1
Project("{9A19103F-16F7-4668-BE54-9A1E7A4F7556}") = "Redstone-SMB", "Redstone-SMB\Redstone-SMB.csproj", "{8D9E8F5D-FD13-4E4C-9723-A333DA2034A7}"
EndProject
Project("{9A19103F-16F7-4668-BE54-9A1E7A4F7556}") = "Redstone-SMB.Tests", "Redstone-SMB.Tests\Redstone-SMB.Tests.csproj", "{DB6E028F-4ADE-4E88-AB68-E743C106F759}"
EndProject
Project("{FAE04EC0-301F-11D3-BF4B-00C04F79EFBC}") = "Redstone-SMB.Demo", "Redstone-SMB.Demo\Redstone-SMB.Demo.csproj", "{08331F02-A98F-4A5D-AB72-4F15C1037B46}"
EndProject
Global
	GlobalSection(SolutionConfigurationPlatforms) = preSolution
		Debug|Any CPU = Debug|Any CPU
		Release|Any CPU = Release|Any CPU
	EndGlobalSection
	GlobalSection(ProjectConfigurationPlatforms) = postSolution
		{8D9E8F5D-FD13-4E4C-9723-A333DA2034A7}.Debug|Any CPU.ActiveCfg = Debug|Any CPU
		{8D9E8F5D-FD13-4E4C-9723-A333DA2034A7}.Debug|Any CPU.Build.0 = Debug|Any CPU
		{8D9E8F5D-FD13-4E4C-9723-A333DA2034A7}.Release|Any CPU.ActiveCfg = Release|Any CPU
		{8D9E8F5D-FD13-4E4C-9723-A333DA2034A7}.Release|Any CPU.Build.0 = Release|Any CPU
		{DB6E028F-4ADE-4E88-AB68-E743C106F759}.Debug|Any CPU.ActiveCfg = Debug|Any CPU
		{DB6E028F-4ADE-4E88-AB68-E743C106F759}.Debug|Any CPU.Build.0 = Debug|Any CPU
		{DB6E028F-4ADE-4E88-AB68-E743C106F759}.Release|Any CPU.ActiveCfg = Release|Any CPU
		{DB6E028F-4ADE-4E88-AB68-E743C106F759}.Release|Any CPU.Build.0 = Release|Any CPU
		{08331F02-A98F-4A5D-AB72-4F15C1037B46}.Debug|Any CPU.ActiveCfg = Debug|Any CPU
		{08331F02-A98F-4A5D-AB72-4F15C1037B46}.Debug|Any CPU.Build.0 = Debug|Any CPU
		{08331F02-A98F-4A5D-AB72-4F15C1037B46}.Release|Any CPU.ActiveCfg = Release|Any CPU
		{08331F02-A98F-4A5D-AB72-4F15C1037B46}.Release|Any CPU.Build.0 = Release|Any CPU
	EndGlobalSection
	GlobalSection(SolutionProperties) = preSolution
		HideSolutionNode = FALSE
	EndGlobalSection
	GlobalSection(ExtensibilityGlobals) = postSolution
		SolutionGuid = {76FD8F01-A30E-42EE-856B-9A40E2DA43D9}
	EndGlobalSection
EndGlobal
